
Microsoft Visual Studio Solution File, Format Version 12.00
# Visual Studio Version 16
VisualStudioVersion = 16.0.32929.386
MinimumVisualStudioVersion = 10.0.40219.1
Project("{FAE04EC0-301F-11D3-BF4B-00C04F79EFBC}") = "MSysICTSBM", "MSysICTSBM\MSysICTSBM.csproj", "{F9D60A35-F4D8-4C7B-9D2B-8C2A45F64FE3}"
EndProject
Project("{FAE04EC0-301F-11D3-BF4B-00C04F79EFBC}") = "MSysICTSBM.Dal.DataContexts", "MSysICTSBM.Dal.DataContexts\MSysICTSBM.Dal.DataContexts.csproj", "{53704D16-50D1-45C6-AEE4-8A0443563690}"
EndProject
Project("{FAE04EC0-301F-11D3-BF4B-00C04F79EFBC}") = "MSysICTSBM.API.Bll.Repository", "MSysICTSBM.API.Bll.Repository\MSysICTSBM.API.Bll.Repository.csproj", "{4E948EC0-DA69-4F14-B6D3-43A03C281634}"
EndProject
Project("{FAE04EC0-301F-11D3-BF4B-00C04F79EFBC}") = "MSysICTSBM.API.Bll.ViewModels", "MSysICTSBM.API.Bll.ViewModels\MSysICTSBM.API.Bll.ViewModels.csproj", "{BE78D94A-CB27-49F9-8B9F-4B421C253E1E}"
EndProject
Global
	GlobalSection(SolutionConfigurationPlatforms) = preSolution
		Debug|Any CPU = Debug|Any CPU
		Release|Any CPU = Release|Any CPU
	EndGlobalSection
	GlobalSection(ProjectConfigurationPlatforms) = postSolution
		{F9D60A35-F4D8-4C7B-9D2B-8C2A45F64FE3}.Debug|Any CPU.ActiveCfg = Debug|Any CPU
		{F9D60A35-F4D8-4C7B-9D2B-8C2A45F64FE3}.Debug|Any CPU.Build.0 = Debug|Any CPU
		{F9D60A35-F4D8-4C7B-9D2B-8C2A45F64FE3}.Release|Any CPU.ActiveCfg = Release|Any CPU
		{F9D60A35-F4D8-4C7B-9D2B-8C2A45F64FE3}.Release|Any CPU.Build.0 = Release|Any CPU
		{53704D16-50D1-45C6-AEE4-8A0443563690}.Debug|Any CPU.ActiveCfg = Debug|Any CPU
		{53704D16-50D1-45C6-AEE4-8A0443563690}.Debug|Any CPU.Build.0 = Debug|Any CPU
		{53704D16-50D1-45C6-AEE4-8A0443563690}.Release|Any CPU.ActiveCfg = Release|Any CPU
		{53704D16-50D1-45C6-AEE4-8A0443563690}.Release|Any CPU.Build.0 = Release|Any CPU
		{4E948EC0-DA69-4F14-B6D3-43A03C281634}.Debug|Any CPU.ActiveCfg = Debug|Any CPU
		{4E948EC0-DA69-4F14-B6D3-43A03C281634}.Debug|Any CPU.Build.0 = Debug|Any CPU
		{4E948EC0-DA69-4F14-B6D3-43A03C281634}.Release|Any CPU.ActiveCfg = Release|Any CPU
		{4E948EC0-DA69-4F14-B6D3-43A03C281634}.Release|Any CPU.Build.0 = Release|Any CPU
		{BE78D94A-CB27-49F9-8B9F-4B421C253E1E}.Debug|Any CPU.ActiveCfg = Debug|Any CPU
		{BE78D94A-CB27-49F9-8B9F-4B421C253E1E}.Debug|Any CPU.Build.0 = Debug|Any CPU
		{BE78D94A-CB27-49F9-8B9F-4B421C253E1E}.Release|Any CPU.ActiveCfg = Release|Any CPU
		{BE78D94A-CB27-49F9-8B9F-4B421C253E1E}.Release|Any CPU.Build.0 = Release|Any CPU
	EndGlobalSection
	GlobalSection(SolutionProperties) = preSolution
		HideSolutionNode = FALSE
	EndGlobalSection
	GlobalSection(ExtensibilityGlobals) = postSolution
		SolutionGuid = {75A4B742-9449-4814-BC6C-A16EDA0D9B1A}
	EndGlobalSection
EndGlobal
